
Microsoft Visual Studio Solution File, Format Version 12.00
# Visual Studio 2012
Project("{FAE04EC0-301F-11D3-BF4B-00C04F79EFBC}") = "IntelServiceNow", "IntelServiceNow\IntelServiceNow.csproj", "{1BC9DE00-A3BF-46ED-BBA6-7C46A8167550}"
EndProject
Project("{FAE04EC0-301F-11D3-BF4B-00C04F79EFBC}") = "IntelServiceNowOracle", "IntelServiceNowOracle\IntelServiceNowOracle.csproj", "{F8EDAD76-92A5-43B3-8344-01CF2EEA330F}"
EndProject
Project("{FAE04EC0-301F-11D3-BF4B-00C04F79EFBC}") = "Service Now", "Service Now\Service Now.csproj", "{24F6919A-5FB7-41E2-8FAF-878E4C35391C}"
EndProject
Global
	GlobalSection(SolutionConfigurationPlatforms) = preSolution
		Debug|Any CPU = Debug|Any CPU
		Release|Any CPU = Release|Any CPU
	EndGlobalSection
	GlobalSection(ProjectConfigurationPlatforms) = postSolution
		{1BC9DE00-A3BF-46ED-BBA6-7C46A8167550}.Debug|Any CPU.ActiveCfg = Debug|Any CPU
		{1BC9DE00-A3BF-46ED-BBA6-7C46A8167550}.Debug|Any CPU.Build.0 = Debug|Any CPU
		{1BC9DE00-A3BF-46ED-BBA6-7C46A8167550}.Release|Any CPU.ActiveCfg = Release|Any CPU
		{1BC9DE00-A3BF-46ED-BBA6-7C46A8167550}.Release|Any CPU.Build.0 = Release|Any CPU
		{F8EDAD76-92A5-43B3-8344-01CF2EEA330F}.Debug|Any CPU.ActiveCfg = Debug|Any CPU
		{F8EDAD76-92A5-43B3-8344-01CF2EEA330F}.Debug|Any CPU.Build.0 = Debug|Any CPU
		{F8EDAD76-92A5-43B3-8344-01CF2EEA330F}.Release|Any CPU.ActiveCfg = Release|Any CPU
		{F8EDAD76-92A5-43B3-8344-01CF2EEA330F}.Release|Any CPU.Build.0 = Release|Any CPU
		{24F6919A-5FB7-41E2-8FAF-878E4C35391C}.Debug|Any CPU.ActiveCfg = Debug|Any CPU
		{24F6919A-5FB7-41E2-8FAF-878E4C35391C}.Debug|Any CPU.Build.0 = Debug|Any CPU
		{24F6919A-5FB7-41E2-8FAF-878E4C35391C}.Release|Any CPU.ActiveCfg = Release|Any CPU
		{24F6919A-5FB7-41E2-8FAF-878E4C35391C}.Release|Any CPU.Build.0 = Release|Any CPU
	EndGlobalSection
	GlobalSection(SolutionProperties) = preSolution
		HideSolutionNode = FALSE
	EndGlobalSection
EndGlobal
